
Microsoft Visual Studio Solution File, Format Version 12.00
# Visual Studio 14
VisualStudioVersion = 14.0.25420.1
MinimumVisualStudioVersion = 10.0.40219.1
Project("{FAE04EC0-301F-11D3-BF4B-00C04F79EFBC}") = "PathFinder", "PathFinder\PathFinder.csproj", "{900ED234-643A-4676-A87B-3A96F6436B96}"
EndProject
Project("{FAE04EC0-301F-11D3-BF4B-00C04F79EFBC}") = "Where", "Where\Where.csproj", "{A591D860-8E28-4C6D-8A38-6CE9D2D940D0}"
EndProject
Project("{FAE04EC0-301F-11D3-BF4B-00C04F79EFBC}") = "VertexMatch", "VertexMatch\VertexMatch.csproj", "{CB5739BA-985E-4A3E-9E62-96FD3E37A951}"
EndProject
Global
	GlobalSection(SolutionConfigurationPlatforms) = preSolution
		Debug|Any CPU = Debug|Any CPU
		Release|Any CPU = Release|Any CPU
	EndGlobalSection
	GlobalSection(ProjectConfigurationPlatforms) = postSolution
		{900ED234-643A-4676-A87B-3A96F6436B96}.Debug|Any CPU.ActiveCfg = Debug|Any CPU
		{900ED234-643A-4676-A87B-3A96F6436B96}.Debug|Any CPU.Build.0 = Debug|Any CPU
		{900ED234-643A-4676-A87B-3A96F6436B96}.Release|Any CPU.ActiveCfg = Release|Any CPU
		{900ED234-643A-4676-A87B-3A96F6436B96}.Release|Any CPU.Build.0 = Release|Any CPU
		{A591D860-8E28-4C6D-8A38-6CE9D2D940D0}.Debug|Any CPU.ActiveCfg = Debug|Any CPU
		{A591D860-8E28-4C6D-8A38-6CE9D2D940D0}.Debug|Any CPU.Build.0 = Debug|Any CPU
		{A591D860-8E28-4C6D-8A38-6CE9D2D940D0}.Release|Any CPU.ActiveCfg = Release|Any CPU
		{A591D860-8E28-4C6D-8A38-6CE9D2D940D0}.Release|Any CPU.Build.0 = Release|Any CPU
		{CB5739BA-985E-4A3E-9E62-96FD3E37A951}.Debug|Any CPU.ActiveCfg = Debug|Any CPU
		{CB5739BA-985E-4A3E-9E62-96FD3E37A951}.Debug|Any CPU.Build.0 = Debug|Any CPU
		{CB5739BA-985E-4A3E-9E62-96FD3E37A951}.Release|Any CPU.ActiveCfg = Release|Any CPU
		{CB5739BA-985E-4A3E-9E62-96FD3E37A951}.Release|Any CPU.Build.0 = Release|Any CPU
	EndGlobalSection
	GlobalSection(SolutionProperties) = preSolution
		HideSolutionNode = FALSE
	EndGlobalSection
EndGlobal
